
Microsoft Visual Studio Solution File, Format Version 12.00
# Visual Studio 14
VisualStudioVersion = 14.0.25420.1
MinimumVisualStudioVersion = 10.0.40219.1
Project("{FAE04EC0-301F-11D3-BF4B-00C04F79EFBC}") = "Lesson15", "Lesson15\Lesson15.csproj", "{6087ED71-03D8-49CA-A269-05B8F6404849}"
EndProject
Global
	GlobalSection(SolutionConfigurationPlatforms) = preSolution
		Debug|Any CPU = Debug|Any CPU
		Release|Any CPU = Release|Any CPU
	EndGlobalSection
	GlobalSection(ProjectConfigurationPlatforms) = postSolution
		{6087ED71-03D8-49CA-A269-05B8F6404849}.Debug|Any CPU.ActiveCfg = Debug|Any CPU
		{6087ED71-03D8-49CA-A269-05B8F6404849}.Debug|Any CPU.Build.0 = Debug|Any CPU
		{6087ED71-03D8-49CA-A269-05B8F6404849}.Release|Any CPU.ActiveCfg = Release|Any CPU
		{6087ED71-03D8-49CA-A269-05B8F6404849}.Release|Any CPU.Build.0 = Release|Any CPU
	EndGlobalSection
	GlobalSection(SolutionProperties) = preSolution
		HideSolutionNode = FALSE
	EndGlobalSection
EndGlobal
